
Microsoft Visual Studio Solution File, Format Version 12.00
# Visual Studio Version 17
VisualStudioVersion = 17.4.33403.182
MinimumVisualStudioVersion = 10.0.40219.1
Project("{9A19103F-16F7-4668-BE54-9A1E7A4F7556}") = "GCP.PubSub.Local.Tester.API", "GCP.PubSub.Local.Tester.API\GCP.PubSub.Local.Tester.API.csproj", "{933E558E-73D1-43E0-8614-09E43D24D639}"
EndProject
Project("{E53339B2-1760-4266-BCC7-CA923CBCF16C}") = "docker-compose", "docker-compose.dcproj", "{7DF1D629-CDB4-4AA5-B47C-2DC88241CA22}"
EndProject
Global
	GlobalSection(SolutionConfigurationPlatforms) = preSolution
		Debug|Any CPU = Debug|Any CPU
		Release|Any CPU = Release|Any CPU
	EndGlobalSection
	GlobalSection(ProjectConfigurationPlatforms) = postSolution
		{933E558E-73D1-43E0-8614-09E43D24D639}.Debug|Any CPU.ActiveCfg = Debug|Any CPU
		{933E558E-73D1-43E0-8614-09E43D24D639}.Debug|Any CPU.Build.0 = Debug|Any CPU
		{933E558E-73D1-43E0-8614-09E43D24D639}.Release|Any CPU.ActiveCfg = Release|Any CPU
		{933E558E-73D1-43E0-8614-09E43D24D639}.Release|Any CPU.Build.0 = Release|Any CPU
		{7DF1D629-CDB4-4AA5-B47C-2DC88241CA22}.Debug|Any CPU.ActiveCfg = Debug|Any CPU
		{7DF1D629-CDB4-4AA5-B47C-2DC88241CA22}.Debug|Any CPU.Build.0 = Debug|Any CPU
		{7DF1D629-CDB4-4AA5-B47C-2DC88241CA22}.Release|Any CPU.ActiveCfg = Release|Any CPU
		{7DF1D629-CDB4-4AA5-B47C-2DC88241CA22}.Release|Any CPU.Build.0 = Release|Any CPU
	EndGlobalSection
	GlobalSection(SolutionProperties) = preSolution
		HideSolutionNode = FALSE
	EndGlobalSection
	GlobalSection(ExtensibilityGlobals) = postSolution
		SolutionGuid = {A3F1B2D3-AB7C-44BA-9FEB-A05ACFD3BC38}
	EndGlobalSection
EndGlobal
